
Microsoft Visual Studio Solution File, Format Version 12.00
# Visual Studio Version 16
VisualStudioVersion = 16.0.31402.337
MinimumVisualStudioVersion = 10.0.40219.1
Project("{FAE04EC0-301F-11D3-BF4B-00C04F79EFBC}") = "Less3_Ex3", "Less3_Ex3\Less3_Ex3.csproj", "{75DD6EEC-1A09-4708-A54E-F023E607EAC6}"
EndProject
Global
	GlobalSection(SolutionConfigurationPlatforms) = preSolution
		Debug|Any CPU = Debug|Any CPU
		Release|Any CPU = Release|Any CPU
	EndGlobalSection
	GlobalSection(ProjectConfigurationPlatforms) = postSolution
		{75DD6EEC-1A09-4708-A54E-F023E607EAC6}.Debug|Any CPU.ActiveCfg = Debug|Any CPU
		{75DD6EEC-1A09-4708-A54E-F023E607EAC6}.Debug|Any CPU.Build.0 = Debug|Any CPU
		{75DD6EEC-1A09-4708-A54E-F023E607EAC6}.Release|Any CPU.ActiveCfg = Release|Any CPU
		{75DD6EEC-1A09-4708-A54E-F023E607EAC6}.Release|Any CPU.Build.0 = Release|Any CPU
	EndGlobalSection
	GlobalSection(SolutionProperties) = preSolution
		HideSolutionNode = FALSE
	EndGlobalSection
	GlobalSection(ExtensibilityGlobals) = postSolution
		SolutionGuid = {C5A3338B-F9C0-4207-8A33-D1CCCBE428D4}
	EndGlobalSection
EndGlobal
