
Microsoft Visual Studio Solution File, Format Version 12.00
# Visual Studio Version 16
VisualStudioVersion = 16.0.31402.337
MinimumVisualStudioVersion = 10.0.40219.1
Project("{FAE04EC0-301F-11D3-BF4B-00C04F79EFBC}") = "Less5_Ex2", "Less5_Ex2\Less5_Ex2.csproj", "{4D756123-19A9-4888-A62D-072F95A7136C}"
EndProject
Global
	GlobalSection(SolutionConfigurationPlatforms) = preSolution
		Debug|Any CPU = Debug|Any CPU
		Release|Any CPU = Release|Any CPU
	EndGlobalSection
	GlobalSection(ProjectConfigurationPlatforms) = postSolution
		{4D756123-19A9-4888-A62D-072F95A7136C}.Debug|Any CPU.ActiveCfg = Debug|Any CPU
		{4D756123-19A9-4888-A62D-072F95A7136C}.Debug|Any CPU.Build.0 = Debug|Any CPU
		{4D756123-19A9-4888-A62D-072F95A7136C}.Release|Any CPU.ActiveCfg = Release|Any CPU
		{4D756123-19A9-4888-A62D-072F95A7136C}.Release|Any CPU.Build.0 = Release|Any CPU
	EndGlobalSection
	GlobalSection(SolutionProperties) = preSolution
		HideSolutionNode = FALSE
	EndGlobalSection
	GlobalSection(ExtensibilityGlobals) = postSolution
		SolutionGuid = {E5FD6642-928F-4595-AA14-4D444477760E}
	EndGlobalSection
EndGlobal
