
Microsoft Visual Studio Solution File, Format Version 12.00
# Visual Studio Version 16
VisualStudioVersion = 16.0.31402.337
MinimumVisualStudioVersion = 10.0.40219.1
Project("{FAE04EC0-301F-11D3-BF4B-00C04F79EFBC}") = "Less1_Ex1", "Less1_Ex1\Less1_Ex1.csproj", "{A8AE2CDF-8122-4CBC-B3CA-A1C3B5EA4F95}"
EndProject
Global
	GlobalSection(SolutionConfigurationPlatforms) = preSolution
		Debug|Any CPU = Debug|Any CPU
		Release|Any CPU = Release|Any CPU
	EndGlobalSection
	GlobalSection(ProjectConfigurationPlatforms) = postSolution
		{A8AE2CDF-8122-4CBC-B3CA-A1C3B5EA4F95}.Debug|Any CPU.ActiveCfg = Debug|Any CPU
		{A8AE2CDF-8122-4CBC-B3CA-A1C3B5EA4F95}.Debug|Any CPU.Build.0 = Debug|Any CPU
		{A8AE2CDF-8122-4CBC-B3CA-A1C3B5EA4F95}.Release|Any CPU.ActiveCfg = Release|Any CPU
		{A8AE2CDF-8122-4CBC-B3CA-A1C3B5EA4F95}.Release|Any CPU.Build.0 = Release|Any CPU
	EndGlobalSection
	GlobalSection(SolutionProperties) = preSolution
		HideSolutionNode = FALSE
	EndGlobalSection
	GlobalSection(ExtensibilityGlobals) = postSolution
		SolutionGuid = {0193EDED-0309-4D5B-9968-E28CC2646832}
	EndGlobalSection
EndGlobal
