
Microsoft Visual Studio Solution File, Format Version 12.00
# Visual Studio Version 16
VisualStudioVersion = 16.0.31402.337
MinimumVisualStudioVersion = 10.0.40219.1
Project("{FAE04EC0-301F-11D3-BF4B-00C04F79EFBC}") = "Less3_Ex2", "Less3_Ex2\Less3_Ex2.csproj", "{EFC05FD9-F5DA-485E-A5AC-35C3C9A09E94}"
EndProject
Global
	GlobalSection(SolutionConfigurationPlatforms) = preSolution
		Debug|Any CPU = Debug|Any CPU
		Release|Any CPU = Release|Any CPU
	EndGlobalSection
	GlobalSection(ProjectConfigurationPlatforms) = postSolution
		{EFC05FD9-F5DA-485E-A5AC-35C3C9A09E94}.Debug|Any CPU.ActiveCfg = Debug|Any CPU
		{EFC05FD9-F5DA-485E-A5AC-35C3C9A09E94}.Debug|Any CPU.Build.0 = Debug|Any CPU
		{EFC05FD9-F5DA-485E-A5AC-35C3C9A09E94}.Release|Any CPU.ActiveCfg = Release|Any CPU
		{EFC05FD9-F5DA-485E-A5AC-35C3C9A09E94}.Release|Any CPU.Build.0 = Release|Any CPU
	EndGlobalSection
	GlobalSection(SolutionProperties) = preSolution
		HideSolutionNode = FALSE
	EndGlobalSection
	GlobalSection(ExtensibilityGlobals) = postSolution
		SolutionGuid = {2B0079A6-D6A1-4A3C-BB21-C738BC723011}
	EndGlobalSection
EndGlobal
